
Microsoft Visual Studio Solution File, Format Version 12.00
Project("{FAE04EC0-301F-11D3-BF4B-00C04F79EFBC}") = "OnlineShoppingBasket.Api", "OnlineShoppingBasket.Api\OnlineShoppingBasket.Api.csproj", "{02D72CD6-551E-4909-BB31-70AD9E2AE161}"
EndProject
Project("{FAE04EC0-301F-11D3-BF4B-00C04F79EFBC}") = "OnlineShoppingBasket.Models", "OnlineShoppingBasket.Models\OnlineShoppingBasket.Models.csproj", "{7EE78465-DF20-408E-90B6-AFEBBB8F393D}"
EndProject
Project("{FAE04EC0-301F-11D3-BF4B-00C04F79EFBC}") = "OnlineShoppingBasket.Core", "OnlineShoppingBasket.Core\OnlineShoppingBasket.Core.csproj", "{680121CE-535D-4ABC-A404-09D80A02CA12}"
EndProject
Project("{FAE04EC0-301F-11D3-BF4B-00C04F79EFBC}") = "OnlineShoppingBasket.Infrastructure", "OnlineShoppingBasket.Infrastructure\OnlineShoppingBasket.Infrastructure.csproj", "{27F3FBC6-77B9-4E06-BCF4-13E738D1DA2E}"
EndProject
Global
	GlobalSection(SolutionConfigurationPlatforms) = preSolution
		Debug|Any CPU = Debug|Any CPU
		Release|Any CPU = Release|Any CPU
	EndGlobalSection
	GlobalSection(ProjectConfigurationPlatforms) = postSolution
		{02D72CD6-551E-4909-BB31-70AD9E2AE161}.Debug|Any CPU.ActiveCfg = Debug|Any CPU
		{02D72CD6-551E-4909-BB31-70AD9E2AE161}.Debug|Any CPU.Build.0 = Debug|Any CPU
		{02D72CD6-551E-4909-BB31-70AD9E2AE161}.Release|Any CPU.ActiveCfg = Release|Any CPU
		{02D72CD6-551E-4909-BB31-70AD9E2AE161}.Release|Any CPU.Build.0 = Release|Any CPU
		{7EE78465-DF20-408E-90B6-AFEBBB8F393D}.Debug|Any CPU.ActiveCfg = Debug|Any CPU
		{7EE78465-DF20-408E-90B6-AFEBBB8F393D}.Debug|Any CPU.Build.0 = Debug|Any CPU
		{7EE78465-DF20-408E-90B6-AFEBBB8F393D}.Release|Any CPU.ActiveCfg = Release|Any CPU
		{7EE78465-DF20-408E-90B6-AFEBBB8F393D}.Release|Any CPU.Build.0 = Release|Any CPU
		{680121CE-535D-4ABC-A404-09D80A02CA12}.Debug|Any CPU.ActiveCfg = Debug|Any CPU
		{680121CE-535D-4ABC-A404-09D80A02CA12}.Debug|Any CPU.Build.0 = Debug|Any CPU
		{680121CE-535D-4ABC-A404-09D80A02CA12}.Release|Any CPU.ActiveCfg = Release|Any CPU
		{680121CE-535D-4ABC-A404-09D80A02CA12}.Release|Any CPU.Build.0 = Release|Any CPU
		{27F3FBC6-77B9-4E06-BCF4-13E738D1DA2E}.Debug|Any CPU.ActiveCfg = Debug|Any CPU
		{27F3FBC6-77B9-4E06-BCF4-13E738D1DA2E}.Debug|Any CPU.Build.0 = Debug|Any CPU
		{27F3FBC6-77B9-4E06-BCF4-13E738D1DA2E}.Release|Any CPU.ActiveCfg = Release|Any CPU
		{27F3FBC6-77B9-4E06-BCF4-13E738D1DA2E}.Release|Any CPU.Build.0 = Release|Any CPU
	EndGlobalSection
EndGlobal
